<?xml version="1.0" encoding="utf-8"?>
<Project ToolsVersion="4.0" xmlns="http://schemas.microsoft.com/developer/msbuild/2003">
  <ItemGroup>
    <Filter Include="소스 파일">
      <UniqueIdentifier>{4FC737F1-C7A5-4376-A066-2A32D752A2FF}</UniqueIdentifier>
      <Extensions>cpp;c;cc;cxx;def;odl;idl;hpj;bat;asm;asmx</Extensions>
    </Filter>
    <Filter Include="헤더 파일">
      <UniqueIdentifier>{93995380-89BD-4b04-88EB-625FBE52EBFB}</UniqueIdentifier>
      <Extensions>h;hpp;hxx;hm;inl;inc;xsd</Extensions>
    </Filter>
    <Filter Include="리소스 파일">
      <UniqueIdentifier>{67DA6AB6-F800-4c08-8B7A-83BB121AAD01}</UniqueIdentifier>
      <Extensions>rc;ico;cur;bmp;dlg;rc2;rct;bin;rgs;gif;jpg;jpeg;jpe;resx;tiff;tif;png;wav</Extensions>
    </Filter>
    <Filter Include="Gmote">
      <UniqueIdentifier>{b7784fe8-1a5f-4642-93f5-e01b50d8622e}</UniqueIdentifier>
    </Filter>
  </ItemGroup>
  <ItemGroup>
    <ClCompile Include="CardState.cpp">
      <Filter>소스 파일</Filter>
    </ClCompile>
    <ClCompile Include="CollisionTools.cpp">
      <Filter>소스 파일</Filter>
    </ClCompile>
    <ClCompile Include="EndState.cpp">
      <Filter>소스 파일</Filter>
    </ClCompile>
    <ClCompile Include="GameManager.cpp">
      <Filter>소스 파일</Filter>
    </ClCompile>
    <ClCompile Include="main.cpp">
      <Filter>소스 파일</Filter>
    </ClCompile>
    <ClCompile Include="PauseState.cpp">
      <Filter>소스 파일</Filter>
    </ClCompile>
    <ClCompile Include="PlayState.cpp">
      <Filter>소스 파일</Filter>
    </ClCompile>
    <ClCompile Include="StartState.cpp">
      <Filter>소스 파일</Filter>
    </ClCompile>
    <ClCompile Include="Gmote\CommThread.cpp">
      <Filter>Gmote</Filter>
    </ClCompile>
    <ClCompile Include="Gmote\DTWRecognizer.cpp">
      <Filter>Gmote</Filter>
    </ClCompile>
    <ClCompile Include="Gmote\filterkit.c">
      <Filter>Gmote</Filter>
    </ClCompile>
    <ClCompile Include="Gmote\Gmote.cpp">
      <Filter>Gmote</Filter>
    </ClCompile>
    <ClCompile Include="Gmote\GmoteBaseManager.cpp">
      <Filter>Gmote</Filter>
    </ClCompile>
    <ClCompile Include="Gmote\GmoteManager.cpp">
      <Filter>Gmote</Filter>
    </ClCompile>
    <ClCompile Include="Gmote\Preprocessor.cpp">
      <Filter>Gmote</Filter>
    </ClCompile>
    <ClCompile Include="Gmote\resample.c">
      <Filter>Gmote</Filter>
    </ClCompile>
    <ClCompile Include="Gmote\resamplesubs.c">
      <Filter>Gmote</Filter>
    </ClCompile>
    <ClCompile Include="Gmote\tinystr.cpp">
      <Filter>Gmote</Filter>
    </ClCompile>
    <ClCompile Include="Gmote\tinyxml.cpp">
      <Filter>Gmote</Filter>
    </ClCompile>
    <ClCompile Include="Gmote\tinyxmlerror.cpp">
      <Filter>Gmote</Filter>
    </ClCompile>
    <ClCompile Include="Gmote\tinyxmlparser.cpp">
      <Filter>Gmote</Filter>
    </ClCompile>
    <ClCompile Include="Gmote\WindowGameTimer.cpp">
      <Filter>Gmote</Filter>
    </ClCompile>
    <ClCompile Include="Gmote\WindowMasterGameTimer.cpp">
      <Filter>Gmote</Filter>
    </ClCompile>
  </ItemGroup>
  <ItemGroup>
    <ClInclude Include="CardState.h">
      <Filter>헤더 파일</Filter>
    </ClInclude>
    <ClInclude Include="CollisionTools.h">
      <Filter>헤더 파일</Filter>
    </ClInclude>
    <ClInclude Include="EndState.h">
      <Filter>헤더 파일</Filter>
    </ClInclude>
    <ClInclude Include="fmod.hpp">
      <Filter>헤더 파일</Filter>
    </ClInclude>
    <ClInclude Include="GameManager.h">
      <Filter>헤더 파일</Filter>
    </ClInclude>
    <ClInclude Include="GameState.h">
      <Filter>헤더 파일</Filter>
    </ClInclude>
    <ClInclude Include="PauseState.h">
      <Filter>헤더 파일</Filter>
    </ClInclude>
    <ClInclude Include="PlayState.h">
      <Filter>헤더 파일</Filter>
    </ClInclude>
    <ClInclude Include="StartState.h">
      <Filter>헤더 파일</Filter>
    </ClInclude>
    <ClInclude Include="Gmote\CommThread.h">
      <Filter>Gmote</Filter>
    </ClInclude>
    <ClInclude Include="Gmote\configtemplate.h">
      <Filter>Gmote</Filter>
    </ClInclude>
    <ClInclude Include="Gmote\debug.h">
      <Filter>Gmote</Filter>
    </ClInclude>
    <ClInclude Include="Gmote\dtw.h">
      <Filter>Gmote</Filter>
    </ClInclude>
    <ClInclude Include="Gmote\DTWRecognizer.h">
      <Filter>Gmote</Filter>
    </ClInclude>
    <ClInclude Include="Gmote\filterkit.h">
      <Filter>Gmote</Filter>
    </ClInclude>
    <ClInclude Include="Gmote\GameTimer.h">
      <Filter>Gmote</Filter>
    </ClInclude>
    <ClInclude Include="Gmote\Gesture.h">
      <Filter>Gmote</Filter>
    </ClInclude>
    <ClInclude Include="Gmote\GestureFile.h">
      <Filter>Gmote</Filter>
    </ClInclude>
    <ClInclude Include="Gmote\Gmote.h">
      <Filter>Gmote</Filter>
    </ClInclude>
    <ClInclude Include="Gmote\GmoteBaseManager.h">
      <Filter>Gmote</Filter>
    </ClInclude>
    <ClInclude Include="Gmote\GmoteManager.h">
      <Filter>Gmote</Filter>
    </ClInclude>
    <ClInclude Include="Gmote\libresample.h">
      <Filter>Gmote</Filter>
    </ClInclude>
    <ClInclude Include="Gmote\Motioner.h">
      <Filter>Gmote</Filter>
    </ClInclude>
    <ClInclude Include="Gmote\Preprocessor.h">
      <Filter>Gmote</Filter>
    </ClInclude>
    <ClInclude Include="Gmote\Recognition.h">
      <Filter>Gmote</Filter>
    </ClInclude>
    <ClInclude Include="Gmote\resample_defs.h">
      <Filter>Gmote</Filter>
    </ClInclude>
    <ClInclude Include="Gmote\Singleton.h">
      <Filter>Gmote</Filter>
    </ClInclude>
    <ClInclude Include="Gmote\stdafx.h">
      <Filter>Gmote</Filter>
    </ClInclude>
    <ClInclude Include="Gmote\tinystr.h">
      <Filter>Gmote</Filter>
    </ClInclude>
    <ClInclude Include="Gmote\tinyxml.h">
      <Filter>Gmote</Filter>
    </ClInclude>
    <ClInclude Include="Gmote\WindowGameTimer.h">
      <Filter>Gmote</Filter>
    </ClInclude>
  </ItemGroup>
  <ItemGroup>
    <None Include="FirePlay.particle">
      <Filter>리소스 파일</Filter>
    </None>
  </ItemGroup>
  <ItemGroup>
    <CustomBuild Include="EndPoint.overlay">
      <Filter>리소스 파일</Filter>
    </CustomBuild>
    <CustomBuild Include="Information.overlay">
      <Filter>리소스 파일</Filter>
    </CustomBuild>
    <CustomBuild Include="Point.overlay">
      <Filter>리소스 파일</Filter>
    </CustomBuild>
    <CustomBuild Include="resource.zip">
      <Filter>리소스 파일</Filter>
    </CustomBuild>
    <CustomBuild Include="UI_Card.overlay">
      <Filter>리소스 파일</Filter>
    </CustomBuild>
    <CustomBuild Include="UI_Fly.overlay">
      <Filter>리소스 파일</Filter>
    </CustomBuild>
    <CustomBuild Include="UI_Life.overlay">
      <Filter>리소스 파일</Filter>
    </CustomBuild>
    <CustomBuild Include="UI_Menu.overlay">
      <Filter>리소스 파일</Filter>
    </CustomBuild>
    <CustomBuild Include="UI_Mouse.overlay">
      <Filter>리소스 파일</Filter>
    </CustomBuild>
  </ItemGroup>
</Project>